{
  "name": "hello-world-deps-v3",
  "version": "1.0.0",
  "lockfileVersion": 3,
  "requires": true,
  "packages": {
    "": {
      "name": "hello-world-deps-v3",
      "version": "1.0.0",
      "license": "ISC",
      "dependencies": {
        "underscore": "^1.9.1"
      },
      "bin": {
        "say-hello": "cli.js"
      },
      "devDependencies": {}
    },
    "node_modules/underscore": {
      "version": "1.9.1",
      "resolved": "https://registry.npmjs.org/underscore/-/underscore-1.9.1.tgz",
      "integrity": "sha512-5/4etnCkd9c8gwgowi5/om/mYO5ajCaOgdzj/oW+0eQV9WxKBDZw5+ycmKmeaTXjInS/W0BzpGLo2xR2aBwZdg=="
    }
  }
}
