{
  "name": "hello-world-workspace-v3",
  "version": "1.0.0",
  "lockfileVersion": 3,
  "requires": true,
  "packages": {
    "": {
      "name": "hello-world-workspace-v3",
      "version": "1.0.0",
      "license": "ISC",
      "workspaces": [
        "client"
      ]
    },
    "client": {
      "name": "hello-world-workspace-v3-client",
      "version": "1.0.0",
      "license": "ISC",
      "dependencies": {
        "underscore": "^1.9.1"
      },
      "bin": {
        "say-hello": "cli.js"
      }
    },
    "node_modules/hello-world-workspace-v3-client": {
      "resolved": "client",
      "link": true
    },
    "node_modules/underscore": {
      "version": "1.13.6",
      "resolved": "https://registry.npmjs.org/underscore/-/underscore-1.13.6.tgz",
      "integrity": "sha512-+A5Sja4HP1M08MaXya7p5LvjuM7K6q/2EaC0+iovj/wOcMsTzMvDFbasi/oSapiwOlt252IqsKqPjCl7huKS0A=="
    }
  }
}
